
Microsoft Visual Studio Solution File, Format Version 12.00
# Visual Studio Version 17
VisualStudioVersion = 17.5.002.0
MinimumVisualStudioVersion = 10.0.40219.1
Project("{9A19103F-16F7-4668-BE54-9A1E7A4F7556}") = "WebAPI", "WebAPI\WebAPI.csproj", "{78F882A9-2B0A-4F9D-AEA5-FC5E43CF5DB0}"
EndProject
Global
	GlobalSection(SolutionConfigurationPlatforms) = preSolution
		Debug|Any CPU = Debug|Any CPU
		Release|Any CPU = Release|Any CPU
	EndGlobalSection
	GlobalSection(ProjectConfigurationPlatforms) = postSolution
		{78F882A9-2B0A-4F9D-AEA5-FC5E43CF5DB0}.Debug|Any CPU.ActiveCfg = Debug|Any CPU
		{78F882A9-2B0A-4F9D-AEA5-FC5E43CF5DB0}.Debug|Any CPU.Build.0 = Debug|Any CPU
		{78F882A9-2B0A-4F9D-AEA5-FC5E43CF5DB0}.Release|Any CPU.ActiveCfg = Release|Any CPU
		{78F882A9-2B0A-4F9D-AEA5-FC5E43CF5DB0}.Release|Any CPU.Build.0 = Release|Any CPU
	EndGlobalSection
	GlobalSection(SolutionProperties) = preSolution
		HideSolutionNode = FALSE
	EndGlobalSection
	GlobalSection(ExtensibilityGlobals) = postSolution
		SolutionGuid = {7AEBB6A7-C7D9-43D4-BF50-CB1B600EE7A0}
	EndGlobalSection
EndGlobal
